// !$*UTF8*$!
{
	archiveVersion = 1;
	classes = {
	};
	objectVersion = 46;
	objects = {

/* Begin PBXBuildFile section */
		C810642F1D26AF0800A21C97 /* AppDelegate.swift in Sources */ = {isa = PBXBuildFile; fileRef = C810642E1D26AF0800A21C97 /* AppDelegate.swift */; };
		C81064311D26AF0800A21C97 /* HomeViewController.swift in Sources */ = {isa = PBXBuildFile; fileRef = C81064301D26AF0800A21C97 /* HomeViewController.swift */; };
		C81064331D26AF0800A21C97 /* CategoryViewController.swift in Sources */ = {isa = PBXBuildFile; fileRef = C81064321D26AF0800A21C97 /* CategoryViewController.swift */; };
		C81064361D26AF0800A21C97 /* Main.storyboard in Resources */ = {isa = PBXBuildFile; fileRef = C81064341D26AF0800A21C97 /* Main.storyboard */; };
		C81064381D26AF0800A21C97 /* Assets.xcassets in Resources */ = {isa = PBXBuildFile; fileRef = C81064371D26AF0800A21C97 /* Assets.xcassets */; };
		C810643B1D26AF0800A21C97 /* LaunchScreen.storyboard in Resources */ = {isa = PBXBuildFile; fileRef = C81064391D26AF0800A21C97 /* LaunchScreen.storyboard */; };
		C81064461D26AF0800A21C97 /* SearchZipCodeTests.swift in Sources */ = {isa = PBXBuildFile; fileRef = C81064451D26AF0800A21C97 /* SearchZipCodeTests.swift */; };
		C81064511D26AF0800A21C97 /* SearchZipCodeUITests.swift in Sources */ = {isa = PBXBuildFile; fileRef = C81064501D26AF0800A21C97 /* SearchZipCodeUITests.swift */; };
		C810645F1D26B4A400A21C97 /* SearchViewController.swift in Sources */ = {isa = PBXBuildFile; fileRef = C810645E1D26B4A400A21C97 /* SearchViewController.swift */; };
/* End PBXBuildFile section */

/* Begin PBXContainerItemProxy section */
		C81064421D26AF0800A21C97 /* PBXContainerItemProxy */ = {
			isa = PBXContainerItemProxy;
			containerPortal = C81064231D26AF0800A21C97 /* Project object */;
			proxyType = 1;
			remoteGlobalIDString = C810642A1D26AF0800A21C97;
			remoteInfo = SearchZipCode;
		};
		C810644D1D26AF0800A21C97 /* PBXContainerItemProxy */ = {
			isa = PBXContainerItemProxy;
			containerPortal = C81064231D26AF0800A21C97 /* Project object */;
			proxyType = 1;
			remoteGlobalIDString = C810642A1D26AF0800A21C97;
			remoteInfo = SearchZipCode;
		};
/* End PBXContainerItemProxy section */

/* Begin PBXFileReference section */
		C810642B1D26AF0800A21C97 /* SearchZipCode.app */ = {isa = PBXFileReference; explicitFileType = wrapper.application; includeInIndex = 0; path = SearchZipCode.app; sourceTree = BUILT_PRODUCTS_DIR; };
		C810642E1D26AF0800A21C97 /* AppDelegate.swift */ = {isa = PBXFileReference; lastKnownFileType = sourcecode.swift; path = AppDelegate.swift; sourceTree = "<group>"; };
		C81064301D26AF0800A21C97 /* HomeViewController.swift */ = {isa = PBXFileReference; lastKnownFileType = sourcecode.swift; path = HomeViewController.swift; sourceTree = "<group>"; };
		C81064321D26AF0800A21C97 /* CategoryViewController.swift */ = {isa = PBXFileReference; lastKnownFileType = sourcecode.swift; path = CategoryViewController.swift; sourceTree = "<group>"; };
		C81064351D26AF0800A21C97 /* Base */ = {isa = PBXFileReference; lastKnownFileType = file.storyboard; name = Base; path = Base.lproj/Main.storyboard; sourceTree = "<group>"; };
		C81064371D26AF0800A21C97 /* Assets.xcassets */ = {isa = PBXFileReference; lastKnownFileType = folder.assetcatalog; path = Assets.xcassets; sourceTree = "<group>"; };
		C810643A1D26AF0800A21C97 /* Base */ = {isa = PBXFileReference; lastKnownFileType = file.storyboard; name = Base; path = Base.lproj/LaunchScreen.storyboard; sourceTree = "<group>"; };
		C810643C1D26AF0800A21C97 /* Info.plist */ = {isa = PBXFileReference; lastKnownFileType = text.plist.xml; path = Info.plist; sourceTree = "<group>"; };
		C81064411D26AF0800A21C97 /* SearchZipCodeTests.xctest */ = {isa = PBXFileReference; explicitFileType = wrapper.cfbundle; includeInIndex = 0; path = SearchZipCodeTests.xctest; sourceTree = BUILT_PRODUCTS_DIR; };
		C81064451D26AF0800A21C97 /* SearchZipCodeTests.swift */ = {isa = PBXFileReference; lastKnownFileType = sourcecode.swift; path = SearchZipCodeTests.swift; sourceTree = "<group>"; };
		C81064471D26AF0800A21C97 /* Info.plist */ = {isa = PBXFileReference; lastKnownFileType = text.plist.xml; path = Info.plist; sourceTree = "<group>"; };
		C810644C1D26AF0800A21C97 /* SearchZipCodeUITests.xctest */ = {isa = PBXFileReference; explicitFileType = wrapper.cfbundle; includeInIndex = 0; path = SearchZipCodeUITests.xctest; sourceTree = BUILT_PRODUCTS_DIR; };
		C81064501D26AF0800A21C97 /* SearchZipCodeUITests.swift */ = {isa = PBXFileReference; lastKnownFileType = sourcecode.swift; path = SearchZipCodeUITests.swift; sourceTree = "<group>"; };
		C81064521D26AF0800A21C97 /* Info.plist */ = {isa = PBXFileReference; lastKnownFileType = text.plist.xml; path = Info.plist; sourceTree = "<group>"; };
		C810645E1D26B4A400A21C97 /* SearchViewController.swift */ = {isa = PBXFileReference; fileEncoding = 4; lastKnownFileType = sourcecode.swift; path = SearchViewController.swift; sourceTree = "<group>"; };
/* End PBXFileReference section */

/* Begin PBXFrameworksBuildPhase section */
		C81064281D26AF0800A21C97 /* Frameworks */ = {
			isa = PBXFrameworksBuildPhase;
			buildActionMask = 2147483647;
			files = (
			);
			runOnlyForDeploymentPostprocessing = 0;
		};
		C810643E1D26AF0800A21C97 /* Frameworks */ = {
			isa = PBXFrameworksBuildPhase;
			buildActionMask = 2147483647;
			files = (
			);
			runOnlyForDeploymentPostprocessing = 0;
		};
		C81064491D26AF0800A21C97 /* Frameworks */ = {
			isa = PBXFrameworksBuildPhase;
			buildActionMask = 2147483647;
			files = (
			);
			runOnlyForDeploymentPostprocessing = 0;
		};
/* End PBXFrameworksBuildPhase section */

/* Begin PBXGroup section */
		C81064221D26AF0800A21C97 = {
			isa = PBXGroup;
			children = (
				C810642D1D26AF0800A21C97 /* SearchZipCode */,
				C81064441D26AF0800A21C97 /* SearchZipCodeTests */,
				C810644F1D26AF0800A21C97 /* SearchZipCodeUITests */,
				C810642C1D26AF0800A21C97 /* Products */,
			);
			sourceTree = "<group>";
		};
		C810642C1D26AF0800A21C97 /* Products */ = {
			isa = PBXGroup;
			children = (
				C810642B1D26AF0800A21C97 /* SearchZipCode.app */,
				C81064411D26AF0800A21C97 /* SearchZipCodeTests.xctest */,
				C810644C1D26AF0800A21C97 /* SearchZipCodeUITests.xctest */,
			);
			name = Products;
			sourceTree = "<group>";
		};
		C810642D1D26AF0800A21C97 /* SearchZipCode */ = {
			isa = PBXGroup;
			children = (
				C810642E1D26AF0800A21C97 /* AppDelegate.swift */,
				C81064301D26AF0800A21C97 /* HomeViewController.swift */,
				C81064321D26AF0800A21C97 /* CategoryViewController.swift */,
				C810645E1D26B4A400A21C97 /* SearchViewController.swift */,
				C81064341D26AF0800A21C97 /* Main.storyboard */,
				C81064371D26AF0800A21C97 /* Assets.xcassets */,
				C81064391D26AF0800A21C97 /* LaunchScreen.storyboard */,
				C810643C1D26AF0800A21C97 /* Info.plist */,
			);
			path = SearchZipCode;
			sourceTree = "<group>";
		};
		C81064441D26AF0800A21C97 /* SearchZipCodeTests */ = {
			isa = PBXGroup;
			children = (
				C81064451D26AF0800A21C97 /* SearchZipCodeTests.swift */,
				C81064471D26AF0800A21C97 /* Info.plist */,
			);
			path = SearchZipCodeTests;
			sourceTree = "<group>";
		};
		C810644F1D26AF0800A21C97 /* SearchZipCodeUITests */ = {
			isa = PBXGroup;
			children = (
				C81064501D26AF0800A21C97 /* SearchZipCodeUITests.swift */,
				C81064521D26AF0800A21C97 /* Info.plist */,
			);
			path = SearchZipCodeUITests;
			sourceTree = "<group>";
		};
/* End PBXGroup section */

/* Begin PBXNativeTarget section */
		C810642A1D26AF0800A21C97 /* SearchZipCode */ = {
			isa = PBXNativeTarget;
			buildConfigurationList = C81064551D26AF0800A21C97 /* Build configuration list for PBXNativeTarget "SearchZipCode" */;
			buildPhases = (
				C81064271D26AF0800A21C97 /* Sources */,
				C81064281D26AF0800A21C97 /* Frameworks */,
				C81064291D26AF0800A21C97 /* Resources */,
			);
			buildRules = (
			);
			dependencies = (
			);
			name = SearchZipCode;
			productName = SearchZipCode;
			productReference = C810642B1D26AF0800A21C97 /* SearchZipCode.app */;
			productType = "com.apple.product-type.application";
		};
		C81064401D26AF0800A21C97 /* SearchZipCodeTests */ = {
			isa = PBXNativeTarget;
			buildConfigurationList = C81064581D26AF0800A21C97 /* Build configuration list for PBXNativeTarget "SearchZipCodeTests" */;
			buildPhases = (
				C810643D1D26AF0800A21C97 /* Sources */,
				C810643E1D26AF0800A21C97 /* Frameworks */,
				C810643F1D26AF0800A21C97 /* Resources */,
			);
			buildRules = (
			);
			dependencies = (
				C81064431D26AF0800A21C97 /* PBXTargetDependency */,
			);
			name = SearchZipCodeTests;
			productName = SearchZipCodeTests;
			productReference = C81064411D26AF0800A21C97 /* SearchZipCodeTests.xctest */;
			productType = "com.apple.product-type.bundle.unit-test";
		};
		C810644B1D26AF0800A21C97 /* SearchZipCodeUITests */ = {
			isa = PBXNativeTarget;
			buildConfigurationList = C810645B1D26AF0800A21C97 /* Build configuration list for PBXNativeTarget "SearchZipCodeUITests" */;
			buildPhases = (
				C81064481D26AF0800A21C97 /* Sources */,
				C81064491D26AF0800A21C97 /* Frameworks */,
				C810644A1D26AF0800A21C97 /* Resources */,
			);
			buildRules = (
			);
			dependencies = (
				C810644E1D26AF0800A21C97 /* PBXTargetDependency */,
			);
			name = SearchZipCodeUITests;
			productName = SearchZipCodeUITests;
			productReference = C810644C1D26AF0800A21C97 /* SearchZipCodeUITests.xctest */;
			productType = "com.apple.product-type.bundle.ui-testing";
		};
/* End PBXNativeTarget section */

/* Begin PBXProject section */
		C81064231D26AF0800A21C97 /* Project object */ = {
			isa = PBXProject;
			attributes = {
				LastSwiftUpdateCheck = 0730;
				LastUpgradeCheck = 0730;
				ORGANIZATIONNAME = menomoto;
				TargetAttributes = {
					C810642A1D26AF0800A21C97 = {
						CreatedOnToolsVersion = 7.3.1;
					};
					C81064401D26AF0800A21C97 = {
						CreatedOnToolsVersion = 7.3.1;
						TestTargetID = C810642A1D26AF0800A21C97;
					};
					C810644B1D26AF0800A21C97 = {
						CreatedOnToolsVersion = 7.3.1;
						TestTargetID = C810642A1D26AF0800A21C97;
					};
				};
			};
			buildConfigurationList = C81064261D26AF0800A21C97 /* Build configuration list for PBXProject "SearchZipCode" */;
			compatibilityVersion = "Xcode 3.2";
			developmentRegion = English;
			hasScannedForEncodings = 0;
			knownRegions = (
				en,
				Base,
			);
			mainGroup = C81064221D26AF0800A21C97;
			productRefGroup = C810642C1D26AF0800A21C97 /* Products */;
			projectDirPath = "";
			projectRoot = "";
			targets = (
				C810642A1D26AF0800A21C97 /* SearchZipCode */,
				C81064401D26AF0800A21C97 /* SearchZipCodeTests */,
				C810644B1D26AF0800A21C97 /* SearchZipCodeUITests */,
			);
		};
/* End PBXProject section */

/* Begin PBXResourcesBuildPhase section */
		C81064291D26AF0800A21C97 /* Resources */ = {
			isa = PBXResourcesBuildPhase;
			buildActionMask = 2147483647;
			files = (
				C810643B1D26AF0800A21C97 /* LaunchScreen.storyboard in Resources */,
				C81064381D26AF0800A21C97 /* Assets.xcassets in Resources */,
				C81064361D26AF0800A21C97 /* Main.storyboard in Resources */,
			);
			runOnlyForDeploymentPostprocessing = 0;
		};
		C810643F1D26AF0800A21C97 /* Resources */ = {
			isa = PBXResourcesBuildPhase;
			buildActionMask = 2147483647;
			files = (
			);
			runOnlyForDeploymentPostprocessing = 0;
		};
		C810644A1D26AF0800A21C97 /* Resources */ = {
			isa = PBXResourcesBuildPhase;
			buildActionMask = 2147483647;
			files = (
			);
			runOnlyForDeploymentPostprocessing = 0;
		};
/* End PBXResourcesBuildPhase section */

/* Begin PBXSourcesBuildPhase section */
		C81064271D26AF0800A21C97 /* Sources */ = {
			isa = PBXSourcesBuildPhase;
			buildActionMask = 2147483647;
			files = (
				C81064331D26AF0800A21C97 /* CategoryViewController.swift in Sources */,
				C810642F1D26AF0800A21C97 /* AppDelegate.swift in Sources */,
				C810645F1D26B4A400A21C97 /* SearchViewController.swift in Sources */,
				C81064311D26AF0800A21C97 /* HomeViewController.swift in Sources */,
			);
			runOnlyForDeploymentPostprocessing = 0;
		};
		C810643D1D26AF0800A21C97 /* Sources */ = {
			isa = PBXSourcesBuildPhase;
			buildActionMask = 2147483647;
			files = (
				C81064461D26AF0800A21C97 /* SearchZipCodeTests.swift in Sources */,
			);
			runOnlyForDeploymentPostprocessing = 0;
		};
		C81064481D26AF0800A21C97 /* Sources */ = {
			isa = PBXSourcesBuildPhase;
			buildActionMask = 2147483647;
			files = (
				C81064511D26AF0800A21C97 /* SearchZipCodeUITests.swift in Sources */,
			);
			runOnlyForDeploymentPostprocessing = 0;
		};
/* End PBXSourcesBuildPhase section */

/* Begin PBXTargetDependency section */
		C81064431D26AF0800A21C97 /* PBXTargetDependency */ = {
			isa = PBXTargetDependency;
			target = C810642A1D26AF0800A21C97 /* SearchZipCode */;
			targetProxy = C81064421D26AF0800A21C97 /* PBXContainerItemProxy */;
		};
		C810644E1D26AF0800A21C97 /* PBXTargetDependency */ = {
			isa = PBXTargetDependency;
			target = C810642A1D26AF0800A21C97 /* SearchZipCode */;
			targetProxy = C810644D1D26AF0800A21C97 /* PBXContainerItemProxy */;
		};
/* End PBXTargetDependency section */

/* Begin PBXVariantGroup section */
		C81064341D26AF0800A21C97 /* Main.storyboard */ = {
			isa = PBXVariantGroup;
			children = (
				C81064351D26AF0800A21C97 /* Base */,
			);
			name = Main.storyboard;
			sourceTree = "<group>";
		};
		C81064391D26AF0800A21C97 /* LaunchScreen.storyboard */ = {
			isa = PBXVariantGroup;
			children = (
				C810643A1D26AF0800A21C97 /* Base */,
			);
			name = LaunchScreen.storyboard;
			sourceTree = "<group>";
		};
/* End PBXVariantGroup section */

/* Begin XCBuildConfiguration section */
		C81064531D26AF0800A21C97 /* Debug */ = {
			isa = XCBuildConfiguration;
			buildSettings = {
				ALWAYS_SEARCH_USER_PATHS = NO;
				CLANG_ANALYZER_NONNULL = YES;
				CLANG_CXX_LANGUAGE_STANDARD = "gnu++0x";
				CLANG_CXX_LIBRARY = "libc++";
				CLANG_ENABLE_MODULES = YES;
				CLANG_ENABLE_OBJC_ARC = YES;
				CLANG_WARN_BOOL_CONVERSION = YES;
				CLANG_WARN_CONSTANT_CONVERSION = YES;
				CLANG_WARN_DIRECT_OBJC_ISA_USAGE = YES_ERROR;
				CLANG_WARN_EMPTY_BODY = YES;
				CLANG_WARN_ENUM_CONVERSION = YES;
				CLANG_WARN_INT_CONVERSION = YES;
				CLANG_WARN_OBJC_ROOT_CLASS = YES_ERROR;
				CLANG_WARN_UNREACHABLE_CODE = YES;
				CLANG_WARN__DUPLICATE_METHOD_MATCH = YES;
				"CODE_SIGN_IDENTITY[sdk=iphoneos*]" = "iPhone Developer";
				COPY_PHASE_STRIP = NO;
				DEBUG_INFORMATION_FORMAT = dwarf;
				ENABLE_STRICT_OBJC_MSGSEND = YES;
				ENABLE_TESTABILITY = YES;
				GCC_C_LANGUAGE_STANDARD = gnu99;
				GCC_DYNAMIC_NO_PIC = NO;
				GCC_NO_COMMON_BLOCKS = YES;
				GCC_OPTIMIZATION_LEVEL = 0;
				GCC_PREPROCESSOR_DEFINITIONS = (
					"DEBUG=1",
					"$(inherited)",
				);
				GCC_WARN_64_TO_32_BIT_CONVERSION = YES;
				GCC_WARN_ABOUT_RETURN_TYPE = YES_ERROR;
				GCC_WARN_UNDECLARED_SELECTOR = YES;
				GCC_WARN_UNINITIALIZED_AUTOS = YES_AGGRESSIVE;
				GCC_WARN_UNUSED_FUNCTION = YES;
				GCC_WARN_UNUSED_VARIABLE = YES;
				IPHONEOS_DEPLOYMENT_TARGET = 9.3;
				MTL_ENABLE_DEBUG_INFO = YES;
				ONLY_ACTIVE_ARCH = YES;
				SDKROOT = iphoneos;
				SWIFT_OPTIMIZATION_LEVEL = "-Onone";
				TARGETED_DEVICE_FAMILY = "1,2";
			};
			name = Debug;
		};
		C81064541D26AF0800A21C97 /* Release */ = {
			isa = XCBuildConfiguration;
			buildSettings = {
				ALWAYS_SEARCH_USER_PATHS = NO;
				CLANG_ANALYZER_NONNULL = YES;
				CLANG_CXX_LANGUAGE_STANDARD = "gnu++0x";
				CLANG_CXX_LIBRARY = "libc++";
				CLANG_ENABLE_MODULES = YES;
				CLANG_ENABLE_OBJC_ARC = YES;
				CLANG_WARN_BOOL_CONVERSION = YES;
				CLANG_WARN_CONSTANT_CONVERSION = YES;
				CLANG_WARN_DIRECT_OBJC_ISA_USAGE = YES_ERROR;
				CLANG_WARN_EMPTY_BODY = YES;
				CLANG_WARN_ENUM_CONVERSION = YES;
				CLANG_WARN_INT_CONVERSION = YES;
				CLANG_WARN_OBJC_ROOT_CLASS = YES_ERROR;
				CLANG_WARN_UNREACHABLE_CODE = YES;
				CLANG_WARN__DUPLICATE_METHOD_MATCH = YES;
				"CODE_SIGN_IDENTITY[sdk=iphoneos*]" = "iPhone Developer";
				COPY_PHASE_STRIP = NO;
				DEBUG_INFORMATION_FORMAT = "dwarf-with-dsym";
				ENABLE_NS_ASSERTIONS = NO;
				ENABLE_STRICT_OBJC_MSGSEND = YES;
				GCC_C_LANGUAGE_STANDARD = gnu99;
				GCC_NO_COMMON_BLOCKS = YES;
				GCC_WARN_64_TO_32_BIT_CONVERSION = YES;
				GCC_WARN_ABOUT_RETURN_TYPE = YES_ERROR;
				GCC_WARN_UNDECLARED_SELECTOR = YES;
				GCC_WARN_UNINITIALIZED_AUTOS = YES_AGGRESSIVE;
				GCC_WARN_UNUSED_FUNCTION = YES;
				GCC_WARN_UNUSED_VARIABLE = YES;
				IPHONEOS_DEPLOYMENT_TARGET = 9.3;
				MTL_ENABLE_DEBUG_INFO = NO;
				SDKROOT = iphoneos;
				TARGETED_DEVICE_FAMILY = "1,2";
				VALIDATE_PRODUCT = YES;
			};
			name = Release;
		};
		C81064561D26AF0800A21C97 /* Debug */ = {
			isa = XCBuildConfiguration;
			buildSettings = {
				ASSETCATALOG_COMPILER_APPICON_NAME = AppIcon;
				INFOPLIST_FILE = SearchZipCode/Info.plist;
				LD_RUNPATH_SEARCH_PATHS = "$(inherited) @executable_path/Frameworks";
				PRODUCT_BUNDLE_IDENTIFIER = com.menomoto.SearchZipCode;
				PRODUCT_NAME = "$(TARGET_NAME)";
			};
			name = Debug;
		};
		C81064571D26AF0800A21C97 /* Release */ = {
			isa = XCBuildConfiguration;
			buildSettings = {
				ASSETCATALOG_COMPILER_APPICON_NAME = AppIcon;
				INFOPLIST_FILE = SearchZipCode/Info.plist;
				LD_RUNPATH_SEARCH_PATHS = "$(inherited) @executable_path/Frameworks";
				PRODUCT_BUNDLE_IDENTIFIER = com.menomoto.SearchZipCode;
				PRODUCT_NAME = "$(TARGET_NAME)";
			};
			name = Release;
		};
		C81064591D26AF0800A21C97 /* Debug */ = {
			isa = XCBuildConfiguration;
			buildSettings = {
				BUNDLE_LOADER = "$(TEST_HOST)";
				INFOPLIST_FILE = SearchZipCodeTests/Info.plist;
				LD_RUNPATH_SEARCH_PATHS = "$(inherited) @executable_path/Frameworks @loader_path/Frameworks";
				PRODUCT_BUNDLE_IDENTIFIER = com.menomoto.SearchZipCodeTests;
				PRODUCT_NAME = "$(TARGET_NAME)";
				TEST_HOST = "$(BUILT_PRODUCTS_DIR)/SearchZipCode.app/SearchZipCode";
			};
			name = Debug;
		};
		C810645A1D26AF0800A21C97 /* Release */ = {
			isa = XCBuildConfiguration;
			buildSettings = {
				BUNDLE_LOADER = "$(TEST_HOST)";
				INFOPLIST_FILE = SearchZipCodeTests/Info.plist;
				LD_RUNPATH_SEARCH_PATHS = "$(inherited) @executable_path/Frameworks @loader_path/Frameworks";
				PRODUCT_BUNDLE_IDENTIFIER = com.menomoto.SearchZipCodeTests;
				PRODUCT_NAME = "$(TARGET_NAME)";
				TEST_HOST = "$(BUILT_PRODUCTS_DIR)/SearchZipCode.app/SearchZipCode";
			};
			name = Release;
		};
		C810645C1D26AF0800A21C97 /* Debug */ = {
			isa = XCBuildConfiguration;
			buildSettings = {
				INFOPLIST_FILE = SearchZipCodeUITests/Info.plist;
				LD_RUNPATH_SEARCH_PATHS = "$(inherited) @executable_path/Frameworks @loader_path/Frameworks";
				PRODUCT_BUNDLE_IDENTIFIER = com.menomoto.SearchZipCodeUITests;
				PRODUCT_NAME = "$(TARGET_NAME)";
				TEST_TARGET_NAME = SearchZipCode;
			};
			name = Debug;
		};
		C810645D1D26AF0800A21C97 /* Release */ = {
			isa = XCBuildConfiguration;
			buildSettings = {
				INFOPLIST_FILE = SearchZipCodeUITests/Info.plist;
				LD_RUNPATH_SEARCH_PATHS = "$(inherited) @executable_path/Frameworks @loader_path/Frameworks";
				PRODUCT_BUNDLE_IDENTIFIER = com.menomoto.SearchZipCodeUITests;
				PRODUCT_NAME = "$(TARGET_NAME)";
				TEST_TARGET_NAME = SearchZipCode;
			};
			name = Release;
		};
/* End XCBuildConfiguration section */

/* Begin XCConfigurationList section */
		C81064261D26AF0800A21C97 /* Build configuration list for PBXProject "SearchZipCode" */ = {
			isa = XCConfigurationList;
			buildConfigurations = (
				C81064531D26AF0800A21C97 /* Debug */,
				C81064541D26AF0800A21C97 /* Release */,
			);
			defaultConfigurationIsVisible = 0;
			defaultConfigurationName = Release;
		};
		C81064551D26AF0800A21C97 /* Build configuration list for PBXNativeTarget "SearchZipCode" */ = {
			isa = XCConfigurationList;
			buildConfigurations = (
				C81064561D26AF0800A21C97 /* Debug */,
				C81064571D26AF0800A21C97 /* Release */,
			);
			defaultConfigurationIsVisible = 0;
			defaultConfigurationName = Release;
		};
		C81064581D26AF0800A21C97 /* Build configuration list for PBXNativeTarget "SearchZipCodeTests" */ = {
			isa = XCConfigurationList;
			buildConfigurations = (
				C81064591D26AF0800A21C97 /* Debug */,
				C810645A1D26AF0800A21C97 /* Release */,
			);
			defaultConfigurationIsVisible = 0;
			defaultConfigurationName = Release;
		};
		C810645B1D26AF0800A21C97 /* Build configuration list for PBXNativeTarget "SearchZipCodeUITests" */ = {
			isa = XCConfigurationList;
			buildConfigurations = (
				C810645C1D26AF0800A21C97 /* Debug */,
				C810645D1D26AF0800A21C97 /* Release */,
			);
			defaultConfigurationIsVisible = 0;
			defaultConfigurationName = Release;
		};
/* End XCConfigurationList section */
	};
	rootObject = C81064231D26AF0800A21C97 /* Project object */;
}
